
Microsoft Visual Studio Solution File, Format Version 12.00
# Visual Studio Version 16
VisualStudioVersion = 16.0.28803.452
MinimumVisualStudioVersion = 10.0.40219.1
Project("{9A19103F-16F7-4668-BE54-9A1E7A4F7556}") = "PassengersApi", "PassengersApi\PassengersApi.csproj", "{4206F0F7-0EB8-4ECF-9D7D-088B75C73DFF}"
EndProject
Global
	GlobalSection(SolutionConfigurationPlatforms) = preSolution
		Debug|Any CPU = Debug|Any CPU
		Release|Any CPU = Release|Any CPU
	EndGlobalSection
	GlobalSection(ProjectConfigurationPlatforms) = postSolution
		{4206F0F7-0EB8-4ECF-9D7D-088B75C73DFF}.Debug|Any CPU.ActiveCfg = Debug|Any CPU
		{4206F0F7-0EB8-4ECF-9D7D-088B75C73DFF}.Debug|Any CPU.Build.0 = Debug|Any CPU
		{4206F0F7-0EB8-4ECF-9D7D-088B75C73DFF}.Release|Any CPU.ActiveCfg = Release|Any CPU
		{4206F0F7-0EB8-4ECF-9D7D-088B75C73DFF}.Release|Any CPU.Build.0 = Release|Any CPU
	EndGlobalSection
	GlobalSection(SolutionProperties) = preSolution
		HideSolutionNode = FALSE
	EndGlobalSection
	GlobalSection(ExtensibilityGlobals) = postSolution
		SolutionGuid = {BB063202-38E7-4D27-A26D-9C31B9ABF047}
	EndGlobalSection
EndGlobal
